{
  "name": "foodmine-course",
  "lockfileVersion": 3,
  "requires": true,
  "packages": {
    "": {
      "dependencies": {
        "ng-starrating": "^1.0.20"
      }
    },
    "node_modules/ng-starrating": {
      "version": "1.0.20",
      "resolved": "https://registry.npmjs.org/ng-starrating/-/ng-starrating-1.0.20.tgz",
      "integrity": "sha512-RQO9B/EVYHvu4oG8ZAR0sr91d1ouuyr4dzQDa4g1Bgi0tr4Ow6VGJKxrqhu2n8MgdLuaCWGvp9dhXWL1qxTw7Q==",
      "peerDependencies": {
        "@angular/common": "^9.0.1",
        "@angular/core": "^9.0.1",
        "tslib": "^1.10.0"
      }
    }
  }
}
